// !$*UTF8*$!
{
	archiveVersion = 1;
	classes = {
	};
	objectVersion = 77;
	objects = {

/* Begin PBXBuildFile section */
		A00000000000000000000001 /* OfflineWalletApp.swift in Sources */ = {isa = PBXBuildFile; fileRef = B00000000000000000000001 /* OfflineWalletApp.swift */; };
		A00000000000000000000002 /* ReviewContract.swift in Sources */ = {isa = PBXBuildFile; fileRef = B00000000000000000000002 /* ReviewContract.swift */; };
		A00000000000000000000003 /* ReviewScreen.swift in Sources */ = {isa = PBXBuildFile; fileRef = B00000000000000000000003 /* ReviewScreen.swift */; };
		A00000000000000000000004 /* AppAttestClient.swift in Sources */ = {isa = PBXBuildFile; fileRef = B00000000000000000000006 /* AppAttestClient.swift */; };
/* End PBXBuildFile section */

/* Begin PBXFileReference section */
		B00000000000000000000001 /* OfflineWalletApp.swift */ = {isa = PBXFileReference; lastKnownFileType = sourcecode.swift; path = OfflineWalletApp.swift; sourceTree = "<group>"; };
		B00000000000000000000002 /* ReviewContract.swift */ = {isa = PBXFileReference; lastKnownFileType = sourcecode.swift; name = ReviewContract.swift; path = Sources/OfflineWalletContract/ReviewContract.swift; sourceTree = SOURCE_ROOT; };
		B00000000000000000000003 /* ReviewScreen.swift */ = {isa = PBXFileReference; lastKnownFileType = sourcecode.swift; name = ReviewScreen.swift; path = Sources/OfflineWalletUI/ReviewScreen.swift; sourceTree = SOURCE_ROOT; };
		B00000000000000000000004 /* Info.plist */ = {isa = PBXFileReference; lastKnownFileType = text.plist.xml; name = Info.plist; path = OfflineWalletApp/Info.plist; sourceTree = SOURCE_ROOT; };
		B00000000000000000000005 /* OfflineWalletApp.app */ = {isa = PBXFileReference; explicitFileType = wrapper.application; includeInIndex = 0; path = OfflineWalletApp.app; sourceTree = BUILT_PRODUCTS_DIR; };
		B00000000000000000000006 /* AppAttestClient.swift */ = {isa = PBXFileReference; lastKnownFileType = sourcecode.swift; name = AppAttestClient.swift; path = OfflineWalletApp/AppAttestClient.swift; sourceTree = SOURCE_ROOT; };
/* End PBXFileReference section */

/* Begin PBXFrameworksBuildPhase section */
		C00000000000000000000001 /* Frameworks */ = {
			isa = PBXFrameworksBuildPhase;
			buildActionMask = 2147483647;
			files = (
			);
			runOnlyForDeploymentPostprocessing = 0;
		};
/* End PBXFrameworksBuildPhase section */

/* Begin PBXGroup section */
		D00000000000000000000001 = {
			isa = PBXGroup;
			children = (
				D00000000000000000000002 /* OfflineWalletApp */, 
				D00000000000000000000003 /* Products */,
			);
			sourceTree = "<group>";
		};
		D00000000000000000000002 /* OfflineWalletApp */ = {
			isa = PBXGroup;
			children = (
				B00000000000000000000001 /* OfflineWalletApp.swift */,
				B00000000000000000000004 /* Info.plist */,
				B00000000000000000000002 /* ReviewContract.swift */,
				B00000000000000000000003 /* ReviewScreen.swift */,
				B00000000000000000000006 /* AppAttestClient.swift */,
			);
			path = OfflineWalletApp;
			sourceTree = "<group>";
		};
		D00000000000000000000003 /* Products */ = {
			isa = PBXGroup;
			children = (
				B00000000000000000000005 /* OfflineWalletApp.app */,
			);
			name = Products;
			sourceTree = "<group>";
		};
/* End PBXGroup section */

/* Begin PBXNativeTarget section */
		E00000000000000000000001 /* OfflineWalletApp */ = {
			isa = PBXNativeTarget;
			buildConfigurationList = F00000000000000000000006 /* Build configuration list for PBXNativeTarget "OfflineWalletApp" */;
			buildPhases = (
				C00000000000000000000002 /* Sources */,
				C00000000000000000000003 /* Resources */,
				C00000000000000000000001 /* Frameworks */,
			);
			buildRules = (
			);
			dependencies = (
			);
			name = OfflineWalletApp;
			productName = OfflineWalletApp;
			productReference = B00000000000000000000005 /* OfflineWalletApp.app */;
			productType = "com.apple.product-type.application";
		};
/* End PBXNativeTarget section */

/* Begin PBXProject section */
		E00000000000000000000002 /* Project object */ = {
			isa = PBXProject;
			attributes = {
				LastUpgradeCheck = 2640;
				TargetAttributes = {
					E00000000000000000000001 = {
						CreatedOnToolsVersion = 26.4;
					};
				};
			};
			buildConfigurationList = F00000000000000000000005 /* Build configuration list for PBXProject "OfflineWalletApp" */;
			compatibilityVersion = "Xcode 16.0";
			developmentRegion = en;
			hasScannedForEncodings = 0;
			knownRegions = (
				en,
				ja,
				Base,
			);
			mainGroup = D00000000000000000000001;
			productRefGroup = D00000000000000000000003 /* Products */;
			projectDirPath = "";
			projectRoot = "";
			targets = (
				E00000000000000000000001 /* OfflineWalletApp */,
			);
		};
/* End PBXProject section */

/* Begin PBXResourcesBuildPhase section */
		C00000000000000000000003 /* Resources */ = {
			isa = PBXResourcesBuildPhase;
			buildActionMask = 2147483647;
			files = (
			);
			runOnlyForDeploymentPostprocessing = 0;
		};
/* End PBXResourcesBuildPhase section */

/* Begin PBXSourcesBuildPhase section */
		C00000000000000000000002 /* Sources */ = {
			isa = PBXSourcesBuildPhase;
			buildActionMask = 2147483647;
			files = (
				A00000000000000000000001 /* OfflineWalletApp.swift in Sources */,
				A00000000000000000000002 /* ReviewContract.swift in Sources */,
				A00000000000000000000003 /* ReviewScreen.swift in Sources */,
				A00000000000000000000004 /* AppAttestClient.swift in Sources */,
			);
			runOnlyForDeploymentPostprocessing = 0;
		};
/* End PBXSourcesBuildPhase section */

/* Begin XCBuildConfiguration section */
		F00000000000000000000001 /* Debug */ = {
			isa = XCBuildConfiguration;
			buildSettings = {
				ALWAYS_SEARCH_USER_PATHS = NO;
				CLANG_ENABLE_MODULES = YES;
				CLANG_ENABLE_OBJC_ARC = YES;
				SWIFT_VERSION = 5.0;
			};
			name = Debug;
		};
		F00000000000000000000002 /* Release */ = {
			isa = XCBuildConfiguration;
			buildSettings = {
				ALWAYS_SEARCH_USER_PATHS = NO;
				CLANG_ENABLE_MODULES = YES;
				CLANG_ENABLE_OBJC_ARC = YES;
				SWIFT_VERSION = 5.0;
			};
			name = Release;
		};
		F00000000000000000000003 /* Debug */ = {
			isa = XCBuildConfiguration;
			buildSettings = {
				CODE_SIGNING_ALLOWED = NO;
				CODE_SIGNING_REQUIRED = NO;
				GENERATE_INFOPLIST_FILE = NO;
				INFOPLIST_FILE = OfflineWalletApp/Info.plist;
				IPHONEOS_DEPLOYMENT_TARGET = 17.0;
				PRODUCT_BUNDLE_IDENTIFIER = jp.offlinewallet.ios.review;
				PRODUCT_NAME = "$(TARGET_NAME)";
				SUPPORTED_PLATFORMS = "iphoneos iphonesimulator";
				TARGETED_DEVICE_FAMILY = 1;
			};
			name = Debug;
		};
		F00000000000000000000004 /* Release */ = {
			isa = XCBuildConfiguration;
			buildSettings = {
				CODE_SIGNING_ALLOWED = NO;
				CODE_SIGNING_REQUIRED = NO;
				GENERATE_INFOPLIST_FILE = NO;
				INFOPLIST_FILE = OfflineWalletApp/Info.plist;
				IPHONEOS_DEPLOYMENT_TARGET = 17.0;
				PRODUCT_BUNDLE_IDENTIFIER = jp.offlinewallet.ios.review;
				PRODUCT_NAME = "$(TARGET_NAME)";
				SUPPORTED_PLATFORMS = "iphoneos iphonesimulator";
				TARGETED_DEVICE_FAMILY = 1;
			};
			name = Release;
		};
/* End XCBuildConfiguration section */

/* Begin XCConfigurationList section */
		F00000000000000000000005 /* Build configuration list for PBXProject "OfflineWalletApp" */ = {
			isa = XCConfigurationList;
			buildConfigurations = (
				F00000000000000000000001 /* Debug */,
				F00000000000000000000002 /* Release */,
			);
			defaultConfigurationIsVisible = 0;
			defaultConfigurationName = Release;
		};
		F00000000000000000000006 /* Build configuration list for PBXNativeTarget "OfflineWalletApp" */ = {
			isa = XCConfigurationList;
			buildConfigurations = (
				F00000000000000000000003 /* Debug */,
				F00000000000000000000004 /* Release */,
			);
			defaultConfigurationIsVisible = 0;
			defaultConfigurationName = Release;
		};
/* End XCConfigurationList section */
	};
	rootObject = E00000000000000000000002 /* Project object */;
}
